
Microsoft Visual Studio Solution File, Format Version 12.00
# Visual Studio Version 16
VisualStudioVersion = 16.0.29409.12
MinimumVisualStudioVersion = 10.0.40219.1
Project("{9A19103F-16F7-4668-BE54-9A1E7A4F7556}") = "Vrasoft.DebugSignatures.ComparerGui", "Vrasoft.DebugSignatures.ComparerGui\Vrasoft.DebugSignatures.ComparerGui.csproj", "{086253ED-1D9A-44EC-932B-E371ABE81E3C}"
EndProject
Project("{9A19103F-16F7-4668-BE54-9A1E7A4F7556}") = "Vrasoft.DebugSignatures.ComparerCli", "Vrasoft.DebugSignatures.ComparerCli\Vrasoft.DebugSignatures.ComparerCli.csproj", "{22C69F26-9FCC-4A74-8F40-A43AB2A0B5C0}"
EndProject
Project("{9A19103F-16F7-4668-BE54-9A1E7A4F7556}") = "Vrasoft.DebugSignatures", "Vrasoft.DebugSignatures\Vrasoft.DebugSignatures.csproj", "{F4B2D87F-D94F-4BF9-8523-9F5173538D6B}"
EndProject
Global
	GlobalSection(SolutionConfigurationPlatforms) = preSolution
		Debug|Any CPU = Debug|Any CPU
		Release|Any CPU = Release|Any CPU
	EndGlobalSection
	GlobalSection(ProjectConfigurationPlatforms) = postSolution
		{086253ED-1D9A-44EC-932B-E371ABE81E3C}.Debug|Any CPU.ActiveCfg = Debug|Any CPU
		{086253ED-1D9A-44EC-932B-E371ABE81E3C}.Debug|Any CPU.Build.0 = Debug|Any CPU
		{086253ED-1D9A-44EC-932B-E371ABE81E3C}.Release|Any CPU.ActiveCfg = Release|Any CPU
		{086253ED-1D9A-44EC-932B-E371ABE81E3C}.Release|Any CPU.Build.0 = Release|Any CPU
		{22C69F26-9FCC-4A74-8F40-A43AB2A0B5C0}.Debug|Any CPU.ActiveCfg = Debug|Any CPU
		{22C69F26-9FCC-4A74-8F40-A43AB2A0B5C0}.Debug|Any CPU.Build.0 = Debug|Any CPU
		{22C69F26-9FCC-4A74-8F40-A43AB2A0B5C0}.Release|Any CPU.ActiveCfg = Release|Any CPU
		{22C69F26-9FCC-4A74-8F40-A43AB2A0B5C0}.Release|Any CPU.Build.0 = Release|Any CPU
		{F4B2D87F-D94F-4BF9-8523-9F5173538D6B}.Debug|Any CPU.ActiveCfg = Debug|Any CPU
		{F4B2D87F-D94F-4BF9-8523-9F5173538D6B}.Debug|Any CPU.Build.0 = Debug|Any CPU
		{F4B2D87F-D94F-4BF9-8523-9F5173538D6B}.Release|Any CPU.ActiveCfg = Release|Any CPU
		{F4B2D87F-D94F-4BF9-8523-9F5173538D6B}.Release|Any CPU.Build.0 = Release|Any CPU
	EndGlobalSection
	GlobalSection(SolutionProperties) = preSolution
		HideSolutionNode = FALSE
	EndGlobalSection
	GlobalSection(ExtensibilityGlobals) = postSolution
		SolutionGuid = {9134BCBE-2394-47B0-BCC2-E39B8993F348}
	EndGlobalSection
EndGlobal
